
Microsoft Visual Studio Solution File, Format Version 12.00
# Visual Studio Version 17
VisualStudioVersion = 17.10.35013.160
MinimumVisualStudioVersion = 10.0.40219.1
Project("{8BC9CEB8-8B4A-11D0-8D11-00A0C91BC942}") = "Program", "Program.vcxproj", "{85D7A77E-B2B3-45A2-8D3D-8D8E63092624}"
EndProject
Project("{8BC9CEB8-8B4A-11D0-8D11-00A0C91BC942}") = "Class1th (Brute Force)", "..\Class1th (Brute Force)\Class1th (Brute Force).vcxproj", "{34395E98-9E4D-41EC-AC51-A96E2BCB4D4E}"
EndProject
Project("{8BC9CEB8-8B4A-11D0-8D11-00A0C91BC942}") = "Class2th (Sieve of Eratosthenes)", "..\Class2th (Sieve of Eratosthenes)\Class2th (Sieve of Eratosthenes).vcxproj", "{B4ABF0F2-3F01-4CBE-8006-BBFFAC9E65DC}"
EndProject
Project("{8BC9CEB8-8B4A-11D0-8D11-00A0C91BC942}") = "Class3th (Bubble Sort)", "..\Class3th (Bubble Sort)\Class3th (Bubble Sort).vcxproj", "{13CE60E9-7845-454F-9244-583A032D07D3}"
EndProject
Project("{8BC9CEB8-8B4A-11D0-8D11-00A0C91BC942}") = "Class4th (Select Sort)", "..\Class4th (Select Sort)\Class4th (Select Sort).vcxproj", "{AB58FCAC-3019-4D20-AB21-5DB22DEE4196}"
EndProject
Project("{8BC9CEB8-8B4A-11D0-8D11-00A0C91BC942}") = "Class5th (Insert Sort)", "..\Class5th (Insert Sort)\Class5th (Insert Sort).vcxproj", "{C3EAA177-51B8-462E-903E-FC16AE3F33D7}"
EndProject
Project("{8BC9CEB8-8B4A-11D0-8D11-00A0C91BC942}") = "Class6th (Two Pointer)", "..\Class6th (Two Pointer)\Class6th (Two Pointer).vcxproj", "{B19D6063-9CB5-4C03-AACC-BD91B9722FC7}"
EndProject
Project("{8BC9CEB8-8B4A-11D0-8D11-00A0C91BC942}") = "Class7th (Binary Search)", "..\Class7th (Binary Search)\Class7th (Binary Search).vcxproj", "{3A69CF3D-6788-4D86-ABC7-3396A7C94375}"
EndProject
Project("{8BC9CEB8-8B4A-11D0-8D11-00A0C91BC942}") = "Class8th (Divide and Conquer)", "..\Class8th (Divide and Conquer)\Class8th (Divide and Conquer).vcxproj", "{7EC21499-1A53-41E4-BF1B-FA4B5732B6E6}"
EndProject
Project("{8BC9CEB8-8B4A-11D0-8D11-00A0C91BC942}") = "Class9th (Quick Sort)", "..\Class9th (Quick Sort)\Class9th (Quick Sort).vcxproj", "{8A2BE488-13FD-45F9-9300-71BE0549B345}"
EndProject
Project("{8BC9CEB8-8B4A-11D0-8D11-00A0C91BC942}") = "Class10th (Merge Sort)", "..\Class10th (Merge Sort)\Class10th (Merge Sort).vcxproj", "{63F7F55D-77FE-4082-9255-C536110E2573}"
EndProject
Project("{8BC9CEB8-8B4A-11D0-8D11-00A0C91BC942}") = "Class11th (Dynamic Programming)", "..\Class11th (Dynamic Programming)\Class11th (Dynamic Programming).vcxproj", "{0737A738-DD2A-4D6C-8FFC-6E19F5792993}"
EndProject
Project("{8BC9CEB8-8B4A-11D0-8D11-00A0C91BC942}") = "Class12th (Greedy)", "..\Class12th (Greedy)\Class12th (Greedy).vcxproj", "{08420A4C-2C9B-45A1-8FD7-77ED79C148EC}"
EndProject
Project("{8BC9CEB8-8B4A-11D0-8D11-00A0C91BC942}") = "Class13th (Shell Sort)", "..\Class13th (Shell Sort)\Class13th (Shell Sort).vcxproj", "{6D120296-5D4A-4433-A324-CAC89261957E}"
EndProject
Project("{8BC9CEB8-8B4A-11D0-8D11-00A0C91BC942}") = "Class14th (Euclidean Algorithm)", "..\Class14th (Euclidean Algorithm)\Class14th (Euclidean Algorithm).vcxproj", "{55011AAD-34D8-44DB-82E5-E3D792F3E3A2}"
EndProject
Project("{8BC9CEB8-8B4A-11D0-8D11-00A0C91BC942}") = "Class15th (Back Tracking)", "..\Class15th (Back Tracking)\Class15th (Back Tracking).vcxproj", "{3843CA94-D0D5-48A4-A531-1B6F8AD94256}"
EndProject
Project("{8BC9CEB8-8B4A-11D0-8D11-00A0C91BC942}") = "Class16th (Depth First Search)", "..\Class16th (Depth First Search)\Class16th (Depth First Search).vcxproj", "{80116C4A-6DF9-4CE0-A46A-54EF6123F0DF}"
EndProject
Project("{8BC9CEB8-8B4A-11D0-8D11-00A0C91BC942}") = "Class17th (Breadth First Search)", "..\Class17th (Breadth First Search)\Class17th (Breadth First Search).vcxproj", "{BA0CA966-6EAF-46DD-93D5-BC646C9102F0}"
EndProject
Project("{8BC9CEB8-8B4A-11D0-8D11-00A0C91BC942}") = "Class18th (Topology Sort)", "..\Class18th (Topology Sort)\Class18th (Topology Sort).vcxproj", "{F5834D0F-C97B-403E-8D01-685D1E532DF5}"
EndProject
Project("{8BC9CEB8-8B4A-11D0-8D11-00A0C91BC942}") = "Class19th (Union Find)", "..\Class19th (Union Find)\Class19th (Union Find).vcxproj", "{ED12C720-2CB7-44EF-98ED-313BD36AEBA6}"
EndProject
Global
	GlobalSection(SolutionConfigurationPlatforms) = preSolution
		Debug|x64 = Debug|x64
		Debug|x86 = Debug|x86
		Release|x64 = Release|x64
		Release|x86 = Release|x86
	EndGlobalSection
	GlobalSection(ProjectConfigurationPlatforms) = postSolution
		{85D7A77E-B2B3-45A2-8D3D-8D8E63092624}.Debug|x64.ActiveCfg = Debug|x64
		{85D7A77E-B2B3-45A2-8D3D-8D8E63092624}.Debug|x64.Build.0 = Debug|x64
		{85D7A77E-B2B3-45A2-8D3D-8D8E63092624}.Debug|x86.ActiveCfg = Debug|Win32
		{85D7A77E-B2B3-45A2-8D3D-8D8E63092624}.Debug|x86.Build.0 = Debug|Win32
		{85D7A77E-B2B3-45A2-8D3D-8D8E63092624}.Release|x64.ActiveCfg = Release|x64
		{85D7A77E-B2B3-45A2-8D3D-8D8E63092624}.Release|x64.Build.0 = Release|x64
		{85D7A77E-B2B3-45A2-8D3D-8D8E63092624}.Release|x86.ActiveCfg = Release|Win32
		{85D7A77E-B2B3-45A2-8D3D-8D8E63092624}.Release|x86.Build.0 = Release|Win32
		{34395E98-9E4D-41EC-AC51-A96E2BCB4D4E}.Debug|x64.ActiveCfg = Debug|x64
		{34395E98-9E4D-41EC-AC51-A96E2BCB4D4E}.Debug|x64.Build.0 = Debug|x64
		{34395E98-9E4D-41EC-AC51-A96E2BCB4D4E}.Debug|x86.ActiveCfg = Debug|Win32
		{34395E98-9E4D-41EC-AC51-A96E2BCB4D4E}.Debug|x86.Build.0 = Debug|Win32
		{34395E98-9E4D-41EC-AC51-A96E2BCB4D4E}.Release|x64.ActiveCfg = Release|x64
		{34395E98-9E4D-41EC-AC51-A96E2BCB4D4E}.Release|x64.Build.0 = Release|x64
		{34395E98-9E4D-41EC-AC51-A96E2BCB4D4E}.Release|x86.ActiveCfg = Release|Win32
		{34395E98-9E4D-41EC-AC51-A96E2BCB4D4E}.Release|x86.Build.0 = Release|Win32
		{B4ABF0F2-3F01-4CBE-8006-BBFFAC9E65DC}.Debug|x64.ActiveCfg = Debug|x64
		{B4ABF0F2-3F01-4CBE-8006-BBFFAC9E65DC}.Debug|x64.Build.0 = Debug|x64
		{B4ABF0F2-3F01-4CBE-8006-BBFFAC9E65DC}.Debug|x86.ActiveCfg = Debug|Win32
		{B4ABF0F2-3F01-4CBE-8006-BBFFAC9E65DC}.Debug|x86.Build.0 = Debug|Win32
		{B4ABF0F2-3F01-4CBE-8006-BBFFAC9E65DC}.Release|x64.ActiveCfg = Release|x64
		{B4ABF0F2-3F01-4CBE-8006-BBFFAC9E65DC}.Release|x64.Build.0 = Release|x64
		{B4ABF0F2-3F01-4CBE-8006-BBFFAC9E65DC}.Release|x86.ActiveCfg = Release|Win32
		{B4ABF0F2-3F01-4CBE-8006-BBFFAC9E65DC}.Release|x86.Build.0 = Release|Win32
		{13CE60E9-7845-454F-9244-583A032D07D3}.Debug|x64.ActiveCfg = Debug|x64
		{13CE60E9-7845-454F-9244-583A032D07D3}.Debug|x64.Build.0 = Debug|x64
		{13CE60E9-7845-454F-9244-583A032D07D3}.Debug|x86.ActiveCfg = Debug|Win32
		{13CE60E9-7845-454F-9244-583A032D07D3}.Debug|x86.Build.0 = Debug|Win32
		{13CE60E9-7845-454F-9244-583A032D07D3}.Release|x64.ActiveCfg = Release|x64
		{13CE60E9-7845-454F-9244-583A032D07D3}.Release|x64.Build.0 = Release|x64
		{13CE60E9-7845-454F-9244-583A032D07D3}.Release|x86.ActiveCfg = Release|Win32
		{13CE60E9-7845-454F-9244-583A032D07D3}.Release|x86.Build.0 = Release|Win32
		{AB58FCAC-3019-4D20-AB21-5DB22DEE4196}.Debug|x64.ActiveCfg = Debug|x64
		{AB58FCAC-3019-4D20-AB21-5DB22DEE4196}.Debug|x64.Build.0 = Debug|x64
		{AB58FCAC-3019-4D20-AB21-5DB22DEE4196}.Debug|x86.ActiveCfg = Debug|Win32
		{AB58FCAC-3019-4D20-AB21-5DB22DEE4196}.Debug|x86.Build.0 = Debug|Win32
		{AB58FCAC-3019-4D20-AB21-5DB22DEE4196}.Release|x64.ActiveCfg = Release|x64
		{AB58FCAC-3019-4D20-AB21-5DB22DEE4196}.Release|x64.Build.0 = Release|x64
		{AB58FCAC-3019-4D20-AB21-5DB22DEE4196}.Release|x86.ActiveCfg = Release|Win32
		{AB58FCAC-3019-4D20-AB21-5DB22DEE4196}.Release|x86.Build.0 = Release|Win32
		{C3EAA177-51B8-462E-903E-FC16AE3F33D7}.Debug|x64.ActiveCfg = Debug|x64
		{C3EAA177-51B8-462E-903E-FC16AE3F33D7}.Debug|x64.Build.0 = Debug|x64
		{C3EAA177-51B8-462E-903E-FC16AE3F33D7}.Debug|x86.ActiveCfg = Debug|Win32
		{C3EAA177-51B8-462E-903E-FC16AE3F33D7}.Debug|x86.Build.0 = Debug|Win32
		{C3EAA177-51B8-462E-903E-FC16AE3F33D7}.Release|x64.ActiveCfg = Release|x64
		{C3EAA177-51B8-462E-903E-FC16AE3F33D7}.Release|x64.Build.0 = Release|x64
		{C3EAA177-51B8-462E-903E-FC16AE3F33D7}.Release|x86.ActiveCfg = Release|Win32
		{C3EAA177-51B8-462E-903E-FC16AE3F33D7}.Release|x86.Build.0 = Release|Win32
		{B19D6063-9CB5-4C03-AACC-BD91B9722FC7}.Debug|x64.ActiveCfg = Debug|x64
		{B19D6063-9CB5-4C03-AACC-BD91B9722FC7}.Debug|x64.Build.0 = Debug|x64
		{B19D6063-9CB5-4C03-AACC-BD91B9722FC7}.Debug|x86.ActiveCfg = Debug|Win32
		{B19D6063-9CB5-4C03-AACC-BD91B9722FC7}.Debug|x86.Build.0 = Debug|Win32
		{B19D6063-9CB5-4C03-AACC-BD91B9722FC7}.Release|x64.ActiveCfg = Release|x64
		{B19D6063-9CB5-4C03-AACC-BD91B9722FC7}.Release|x64.Build.0 = Release|x64
		{B19D6063-9CB5-4C03-AACC-BD91B9722FC7}.Release|x86.ActiveCfg = Release|Win32
		{B19D6063-9CB5-4C03-AACC-BD91B9722FC7}.Release|x86.Build.0 = Release|Win32
		{3A69CF3D-6788-4D86-ABC7-3396A7C94375}.Debug|x64.ActiveCfg = Debug|x64
		{3A69CF3D-6788-4D86-ABC7-3396A7C94375}.Debug|x64.Build.0 = Debug|x64
		{3A69CF3D-6788-4D86-ABC7-3396A7C94375}.Debug|x86.ActiveCfg = Debug|Win32
		{3A69CF3D-6788-4D86-ABC7-3396A7C94375}.Debug|x86.Build.0 = Debug|Win32
		{3A69CF3D-6788-4D86-ABC7-3396A7C94375}.Release|x64.ActiveCfg = Release|x64
		{3A69CF3D-6788-4D86-ABC7-3396A7C94375}.Release|x64.Build.0 = Release|x64
		{3A69CF3D-6788-4D86-ABC7-3396A7C94375}.Release|x86.ActiveCfg = Release|Win32
		{3A69CF3D-6788-4D86-ABC7-3396A7C94375}.Release|x86.Build.0 = Release|Win32
		{7EC21499-1A53-41E4-BF1B-FA4B5732B6E6}.Debug|x64.ActiveCfg = Debug|x64
		{7EC21499-1A53-41E4-BF1B-FA4B5732B6E6}.Debug|x64.Build.0 = Debug|x64
		{7EC21499-1A53-41E4-BF1B-FA4B5732B6E6}.Debug|x86.ActiveCfg = Debug|Win32
		{7EC21499-1A53-41E4-BF1B-FA4B5732B6E6}.Debug|x86.Build.0 = Debug|Win32
		{7EC21499-1A53-41E4-BF1B-FA4B5732B6E6}.Release|x64.ActiveCfg = Release|x64
		{7EC21499-1A53-41E4-BF1B-FA4B5732B6E6}.Release|x64.Build.0 = Release|x64
		{7EC21499-1A53-41E4-BF1B-FA4B5732B6E6}.Release|x86.ActiveCfg = Release|Win32
		{7EC21499-1A53-41E4-BF1B-FA4B5732B6E6}.Release|x86.Build.0 = Release|Win32
		{8A2BE488-13FD-45F9-9300-71BE0549B345}.Debug|x64.ActiveCfg = Debug|x64
		{8A2BE488-13FD-45F9-9300-71BE0549B345}.Debug|x64.Build.0 = Debug|x64
		{8A2BE488-13FD-45F9-9300-71BE0549B345}.Debug|x86.ActiveCfg = Debug|Win32
		{8A2BE488-13FD-45F9-9300-71BE0549B345}.Debug|x86.Build.0 = Debug|Win32
		{8A2BE488-13FD-45F9-9300-71BE0549B345}.Release|x64.ActiveCfg = Release|x64
		{8A2BE488-13FD-45F9-9300-71BE0549B345}.Release|x64.Build.0 = Release|x64
		{8A2BE488-13FD-45F9-9300-71BE0549B345}.Release|x86.ActiveCfg = Release|Win32
		{8A2BE488-13FD-45F9-9300-71BE0549B345}.Release|x86.Build.0 = Release|Win32
		{63F7F55D-77FE-4082-9255-C536110E2573}.Debug|x64.ActiveCfg = Debug|x64
		{63F7F55D-77FE-4082-9255-C536110E2573}.Debug|x64.Build.0 = Debug|x64
		{63F7F55D-77FE-4082-9255-C536110E2573}.Debug|x86.ActiveCfg = Debug|Win32
		{63F7F55D-77FE-4082-9255-C536110E2573}.Debug|x86.Build.0 = Debug|Win32
		{63F7F55D-77FE-4082-9255-C536110E2573}.Release|x64.ActiveCfg = Release|x64
		{63F7F55D-77FE-4082-9255-C536110E2573}.Release|x64.Build.0 = Release|x64
		{63F7F55D-77FE-4082-9255-C536110E2573}.Release|x86.ActiveCfg = Release|Win32
		{63F7F55D-77FE-4082-9255-C536110E2573}.Release|x86.Build.0 = Release|Win32
		{0737A738-DD2A-4D6C-8FFC-6E19F5792993}.Debug|x64.ActiveCfg = Debug|x64
		{0737A738-DD2A-4D6C-8FFC-6E19F5792993}.Debug|x64.Build.0 = Debug|x64
		{0737A738-DD2A-4D6C-8FFC-6E19F5792993}.Debug|x86.ActiveCfg = Debug|Win32
		{0737A738-DD2A-4D6C-8FFC-6E19F5792993}.Debug|x86.Build.0 = Debug|Win32
		{0737A738-DD2A-4D6C-8FFC-6E19F5792993}.Release|x64.ActiveCfg = Release|x64
		{0737A738-DD2A-4D6C-8FFC-6E19F5792993}.Release|x64.Build.0 = Release|x64
		{0737A738-DD2A-4D6C-8FFC-6E19F5792993}.Release|x86.ActiveCfg = Release|Win32
		{0737A738-DD2A-4D6C-8FFC-6E19F5792993}.Release|x86.Build.0 = Release|Win32
		{08420A4C-2C9B-45A1-8FD7-77ED79C148EC}.Debug|x64.ActiveCfg = Debug|x64
		{08420A4C-2C9B-45A1-8FD7-77ED79C148EC}.Debug|x64.Build.0 = Debug|x64
		{08420A4C-2C9B-45A1-8FD7-77ED79C148EC}.Debug|x86.ActiveCfg = Debug|Win32
		{08420A4C-2C9B-45A1-8FD7-77ED79C148EC}.Debug|x86.Build.0 = Debug|Win32
		{08420A4C-2C9B-45A1-8FD7-77ED79C148EC}.Release|x64.ActiveCfg = Release|x64
		{08420A4C-2C9B-45A1-8FD7-77ED79C148EC}.Release|x64.Build.0 = Release|x64
		{08420A4C-2C9B-45A1-8FD7-77ED79C148EC}.Release|x86.ActiveCfg = Release|Win32
		{08420A4C-2C9B-45A1-8FD7-77ED79C148EC}.Release|x86.Build.0 = Release|Win32
		{6D120296-5D4A-4433-A324-CAC89261957E}.Debug|x64.ActiveCfg = Debug|x64
		{6D120296-5D4A-4433-A324-CAC89261957E}.Debug|x64.Build.0 = Debug|x64
		{6D120296-5D4A-4433-A324-CAC89261957E}.Debug|x86.ActiveCfg = Debug|Win32
		{6D120296-5D4A-4433-A324-CAC89261957E}.Debug|x86.Build.0 = Debug|Win32
		{6D120296-5D4A-4433-A324-CAC89261957E}.Release|x64.ActiveCfg = Release|x64
		{6D120296-5D4A-4433-A324-CAC89261957E}.Release|x64.Build.0 = Release|x64
		{6D120296-5D4A-4433-A324-CAC89261957E}.Release|x86.ActiveCfg = Release|Win32
		{6D120296-5D4A-4433-A324-CAC89261957E}.Release|x86.Build.0 = Release|Win32
		{55011AAD-34D8-44DB-82E5-E3D792F3E3A2}.Debug|x64.ActiveCfg = Debug|x64
		{55011AAD-34D8-44DB-82E5-E3D792F3E3A2}.Debug|x64.Build.0 = Debug|x64
		{55011AAD-34D8-44DB-82E5-E3D792F3E3A2}.Debug|x86.ActiveCfg = Debug|Win32
		{55011AAD-34D8-44DB-82E5-E3D792F3E3A2}.Debug|x86.Build.0 = Debug|Win32
		{55011AAD-34D8-44DB-82E5-E3D792F3E3A2}.Release|x64.ActiveCfg = Release|x64
		{55011AAD-34D8-44DB-82E5-E3D792F3E3A2}.Release|x64.Build.0 = Release|x64
		{55011AAD-34D8-44DB-82E5-E3D792F3E3A2}.Release|x86.ActiveCfg = Release|Win32
		{55011AAD-34D8-44DB-82E5-E3D792F3E3A2}.Release|x86.Build.0 = Release|Win32
		{3843CA94-D0D5-48A4-A531-1B6F8AD94256}.Debug|x64.ActiveCfg = Debug|x64
		{3843CA94-D0D5-48A4-A531-1B6F8AD94256}.Debug|x64.Build.0 = Debug|x64
		{3843CA94-D0D5-48A4-A531-1B6F8AD94256}.Debug|x86.ActiveCfg = Debug|Win32
		{3843CA94-D0D5-48A4-A531-1B6F8AD94256}.Debug|x86.Build.0 = Debug|Win32
		{3843CA94-D0D5-48A4-A531-1B6F8AD94256}.Release|x64.ActiveCfg = Release|x64
		{3843CA94-D0D5-48A4-A531-1B6F8AD94256}.Release|x64.Build.0 = Release|x64
		{3843CA94-D0D5-48A4-A531-1B6F8AD94256}.Release|x86.ActiveCfg = Release|Win32
		{3843CA94-D0D5-48A4-A531-1B6F8AD94256}.Release|x86.Build.0 = Release|Win32
		{80116C4A-6DF9-4CE0-A46A-54EF6123F0DF}.Debug|x64.ActiveCfg = Debug|x64
		{80116C4A-6DF9-4CE0-A46A-54EF6123F0DF}.Debug|x64.Build.0 = Debug|x64
		{80116C4A-6DF9-4CE0-A46A-54EF6123F0DF}.Debug|x86.ActiveCfg = Debug|Win32
		{80116C4A-6DF9-4CE0-A46A-54EF6123F0DF}.Debug|x86.Build.0 = Debug|Win32
		{80116C4A-6DF9-4CE0-A46A-54EF6123F0DF}.Release|x64.ActiveCfg = Release|x64
		{80116C4A-6DF9-4CE0-A46A-54EF6123F0DF}.Release|x64.Build.0 = Release|x64
		{80116C4A-6DF9-4CE0-A46A-54EF6123F0DF}.Release|x86.ActiveCfg = Release|Win32
		{80116C4A-6DF9-4CE0-A46A-54EF6123F0DF}.Release|x86.Build.0 = Release|Win32
		{BA0CA966-6EAF-46DD-93D5-BC646C9102F0}.Debug|x64.ActiveCfg = Debug|x64
		{BA0CA966-6EAF-46DD-93D5-BC646C9102F0}.Debug|x64.Build.0 = Debug|x64
		{BA0CA966-6EAF-46DD-93D5-BC646C9102F0}.Debug|x86.ActiveCfg = Debug|Win32
		{BA0CA966-6EAF-46DD-93D5-BC646C9102F0}.Debug|x86.Build.0 = Debug|Win32
		{BA0CA966-6EAF-46DD-93D5-BC646C9102F0}.Release|x64.ActiveCfg = Release|x64
		{BA0CA966-6EAF-46DD-93D5-BC646C9102F0}.Release|x64.Build.0 = Release|x64
		{BA0CA966-6EAF-46DD-93D5-BC646C9102F0}.Release|x86.ActiveCfg = Release|Win32
		{BA0CA966-6EAF-46DD-93D5-BC646C9102F0}.Release|x86.Build.0 = Release|Win32
		{F5834D0F-C97B-403E-8D01-685D1E532DF5}.Debug|x64.ActiveCfg = Debug|x64
		{F5834D0F-C97B-403E-8D01-685D1E532DF5}.Debug|x64.Build.0 = Debug|x64
		{F5834D0F-C97B-403E-8D01-685D1E532DF5}.Debug|x86.ActiveCfg = Debug|Win32
		{F5834D0F-C97B-403E-8D01-685D1E532DF5}.Debug|x86.Build.0 = Debug|Win32
		{F5834D0F-C97B-403E-8D01-685D1E532DF5}.Release|x64.ActiveCfg = Release|x64
		{F5834D0F-C97B-403E-8D01-685D1E532DF5}.Release|x64.Build.0 = Release|x64
		{F5834D0F-C97B-403E-8D01-685D1E532DF5}.Release|x86.ActiveCfg = Release|Win32
		{F5834D0F-C97B-403E-8D01-685D1E532DF5}.Release|x86.Build.0 = Release|Win32
		{ED12C720-2CB7-44EF-98ED-313BD36AEBA6}.Debug|x64.ActiveCfg = Debug|x64
		{ED12C720-2CB7-44EF-98ED-313BD36AEBA6}.Debug|x64.Build.0 = Debug|x64
		{ED12C720-2CB7-44EF-98ED-313BD36AEBA6}.Debug|x86.ActiveCfg = Debug|Win32
		{ED12C720-2CB7-44EF-98ED-313BD36AEBA6}.Debug|x86.Build.0 = Debug|Win32
		{ED12C720-2CB7-44EF-98ED-313BD36AEBA6}.Release|x64.ActiveCfg = Release|x64
		{ED12C720-2CB7-44EF-98ED-313BD36AEBA6}.Release|x64.Build.0 = Release|x64
		{ED12C720-2CB7-44EF-98ED-313BD36AEBA6}.Release|x86.ActiveCfg = Release|Win32
		{ED12C720-2CB7-44EF-98ED-313BD36AEBA6}.Release|x86.Build.0 = Release|Win32
	EndGlobalSection
	GlobalSection(SolutionProperties) = preSolution
		HideSolutionNode = FALSE
	EndGlobalSection
	GlobalSection(ExtensibilityGlobals) = postSolution
		SolutionGuid = {C9FDE873-8F3F-4E20-A194-0E109F2C42F2}
	EndGlobalSection
EndGlobal
