
Microsoft Visual Studio Solution File, Format Version 12.00
# Visual Studio Version 17
VisualStudioVersion = 17.10.35013.160
MinimumVisualStudioVersion = 10.0.40219.1
Project("{8BC9CEB8-8B4A-11D0-8D11-00A0C91BC942}") = "Program", "Program.vcxproj", "{85D7A77E-B2B3-45A2-8D3D-8D8E63092624}"
EndProject
Project("{8BC9CEB8-8B4A-11D0-8D11-00A0C91BC942}") = "Class1th (Brute Force)", "..\Class1th (Brute Force)\Class1th (Brute Force).vcxproj", "{34395E98-9E4D-41EC-AC51-A96E2BCB4D4E}"
EndProject
Global
	GlobalSection(SolutionConfigurationPlatforms) = preSolution
		Debug|x64 = Debug|x64
		Debug|x86 = Debug|x86
		Release|x64 = Release|x64
		Release|x86 = Release|x86
	EndGlobalSection
	GlobalSection(ProjectConfigurationPlatforms) = postSolution
		{85D7A77E-B2B3-45A2-8D3D-8D8E63092624}.Debug|x64.ActiveCfg = Debug|x64
		{85D7A77E-B2B3-45A2-8D3D-8D8E63092624}.Debug|x64.Build.0 = Debug|x64
		{85D7A77E-B2B3-45A2-8D3D-8D8E63092624}.Debug|x86.ActiveCfg = Debug|Win32
		{85D7A77E-B2B3-45A2-8D3D-8D8E63092624}.Debug|x86.Build.0 = Debug|Win32
		{85D7A77E-B2B3-45A2-8D3D-8D8E63092624}.Release|x64.ActiveCfg = Release|x64
		{85D7A77E-B2B3-45A2-8D3D-8D8E63092624}.Release|x64.Build.0 = Release|x64
		{85D7A77E-B2B3-45A2-8D3D-8D8E63092624}.Release|x86.ActiveCfg = Release|Win32
		{85D7A77E-B2B3-45A2-8D3D-8D8E63092624}.Release|x86.Build.0 = Release|Win32
		{34395E98-9E4D-41EC-AC51-A96E2BCB4D4E}.Debug|x64.ActiveCfg = Debug|x64
		{34395E98-9E4D-41EC-AC51-A96E2BCB4D4E}.Debug|x64.Build.0 = Debug|x64
		{34395E98-9E4D-41EC-AC51-A96E2BCB4D4E}.Debug|x86.ActiveCfg = Debug|Win32
		{34395E98-9E4D-41EC-AC51-A96E2BCB4D4E}.Debug|x86.Build.0 = Debug|Win32
		{34395E98-9E4D-41EC-AC51-A96E2BCB4D4E}.Release|x64.ActiveCfg = Release|x64
		{34395E98-9E4D-41EC-AC51-A96E2BCB4D4E}.Release|x64.Build.0 = Release|x64
		{34395E98-9E4D-41EC-AC51-A96E2BCB4D4E}.Release|x86.ActiveCfg = Release|Win32
		{34395E98-9E4D-41EC-AC51-A96E2BCB4D4E}.Release|x86.Build.0 = Release|Win32
	EndGlobalSection
	GlobalSection(SolutionProperties) = preSolution
		HideSolutionNode = FALSE
	EndGlobalSection
	GlobalSection(ExtensibilityGlobals) = postSolution
		SolutionGuid = {C9FDE873-8F3F-4E20-A194-0E109F2C42F2}
	EndGlobalSection
EndGlobal
